
Microsoft Visual Studio Solution File, Format Version 12.00
# Visual Studio 14
VisualStudioVersion = 14.0.25420.1
MinimumVisualStudioVersion = 10.0.40219.1
Project("{2150E333-8FDC-42A3-9474-1A3956D46DE8}") = "00.Framework", "00.Framework", "{33F29275-A5B7-454F-B3DC-963D346A4067}"
EndProject
Project("{2150E333-8FDC-42A3-9474-1A3956D46DE8}") = "02.JumpForward", "02.JumpForward", "{6C63EF60-3F52-4CB3-9DEE-BA03CF9A1790}"
EndProject
Project("{FAE04EC0-301F-11D3-BF4B-00C04F79EFBC}") = "Craftsman.Core", "Craftsman.Core\Craftsman.Core.csproj", "{0D5F1B62-B6CF-409A-976C-C6B0FF05ED21}"
EndProject
Project("{2150E333-8FDC-42A3-9474-1A3956D46DE8}") = "01.Tools", "01.Tools", "{FFD88A65-1DFC-4E88-8F67-02B78F68C7A7}"
EndProject
Project("{FAE04EC0-301F-11D3-BF4B-00C04F79EFBC}") = "Craftsman.DataAccess", "Craftsman.DataAccess\Craftsman.DataAccess.csproj", "{8AC3C3CD-C33E-4D72-A96D-3B016B564059}"
EndProject
Project("{FAE04EC0-301F-11D3-BF4B-00C04F79EFBC}") = "Craftsman.ServiceInvoker", "Craftsman.ServiceInvoker\Craftsman.ServiceInvoker.csproj", "{6C4F4454-44FA-47F3-BD17-9EFBAFC897A1}"
EndProject
Project("{2150E333-8FDC-42A3-9474-1A3956D46DE8}") = "03.Other", "03.Other", "{4F349A1F-C621-494C-A131-B31AFA7B77D7}"
EndProject
Project("{FAE04EC0-301F-11D3-BF4B-00C04F79EFBC}") = "JumpForward.PageObject", "JumpForward.PageObject\JumpForward.PageObject.csproj", "{2F6BB2A7-61E3-4881-9735-83F225841A22}"
EndProject
Project("{FAE04EC0-301F-11D3-BF4B-00C04F79EFBC}") = "JumpForward.Common", "JumpForward.Common\JumpForward.Common.csproj", "{EFC5C127-1973-415A-8644-12E794C6B4E5}"
EndProject
Project("{FAE04EC0-301F-11D3-BF4B-00C04F79EFBC}") = "JumpForward.TestCase", "JumpForward.TestCase\JumpForward.TestCase.csproj", "{D39510D2-4D82-4A29-AA8B-7F3C66D6D1A3}"
EndProject
Project("{FAE04EC0-301F-11D3-BF4B-00C04F79EFBC}") = "GitHub.TestCase", "GitHub.TestCase\GitHub.TestCase.csproj", "{584ACEEC-F56F-49E7-8510-BD572085D307}"
EndProject
Global
	GlobalSection(SolutionConfigurationPlatforms) = preSolution
		Debug|Any CPU = Debug|Any CPU
		Release|Any CPU = Release|Any CPU
	EndGlobalSection
	GlobalSection(ProjectConfigurationPlatforms) = postSolution
		{0D5F1B62-B6CF-409A-976C-C6B0FF05ED21}.Debug|Any CPU.ActiveCfg = Debug|Any CPU
		{0D5F1B62-B6CF-409A-976C-C6B0FF05ED21}.Debug|Any CPU.Build.0 = Debug|Any CPU
		{0D5F1B62-B6CF-409A-976C-C6B0FF05ED21}.Release|Any CPU.ActiveCfg = Release|Any CPU
		{0D5F1B62-B6CF-409A-976C-C6B0FF05ED21}.Release|Any CPU.Build.0 = Release|Any CPU
		{8AC3C3CD-C33E-4D72-A96D-3B016B564059}.Debug|Any CPU.ActiveCfg = Debug|Any CPU
		{8AC3C3CD-C33E-4D72-A96D-3B016B564059}.Debug|Any CPU.Build.0 = Debug|Any CPU
		{8AC3C3CD-C33E-4D72-A96D-3B016B564059}.Release|Any CPU.ActiveCfg = Release|Any CPU
		{8AC3C3CD-C33E-4D72-A96D-3B016B564059}.Release|Any CPU.Build.0 = Release|Any CPU
		{6C4F4454-44FA-47F3-BD17-9EFBAFC897A1}.Debug|Any CPU.ActiveCfg = Debug|Any CPU
		{6C4F4454-44FA-47F3-BD17-9EFBAFC897A1}.Debug|Any CPU.Build.0 = Debug|Any CPU
		{6C4F4454-44FA-47F3-BD17-9EFBAFC897A1}.Release|Any CPU.ActiveCfg = Release|Any CPU
		{6C4F4454-44FA-47F3-BD17-9EFBAFC897A1}.Release|Any CPU.Build.0 = Release|Any CPU
		{2F6BB2A7-61E3-4881-9735-83F225841A22}.Debug|Any CPU.ActiveCfg = Debug|Any CPU
		{2F6BB2A7-61E3-4881-9735-83F225841A22}.Debug|Any CPU.Build.0 = Debug|Any CPU
		{2F6BB2A7-61E3-4881-9735-83F225841A22}.Release|Any CPU.ActiveCfg = Release|Any CPU
		{2F6BB2A7-61E3-4881-9735-83F225841A22}.Release|Any CPU.Build.0 = Release|Any CPU
		{EFC5C127-1973-415A-8644-12E794C6B4E5}.Debug|Any CPU.ActiveCfg = Debug|Any CPU
		{EFC5C127-1973-415A-8644-12E794C6B4E5}.Debug|Any CPU.Build.0 = Debug|Any CPU
		{EFC5C127-1973-415A-8644-12E794C6B4E5}.Release|Any CPU.ActiveCfg = Release|Any CPU
		{EFC5C127-1973-415A-8644-12E794C6B4E5}.Release|Any CPU.Build.0 = Release|Any CPU
		{D39510D2-4D82-4A29-AA8B-7F3C66D6D1A3}.Debug|Any CPU.ActiveCfg = Debug|Any CPU
		{D39510D2-4D82-4A29-AA8B-7F3C66D6D1A3}.Debug|Any CPU.Build.0 = Debug|Any CPU
		{D39510D2-4D82-4A29-AA8B-7F3C66D6D1A3}.Release|Any CPU.ActiveCfg = Release|Any CPU
		{D39510D2-4D82-4A29-AA8B-7F3C66D6D1A3}.Release|Any CPU.Build.0 = Release|Any CPU
		{584ACEEC-F56F-49E7-8510-BD572085D307}.Debug|Any CPU.ActiveCfg = Debug|Any CPU
		{584ACEEC-F56F-49E7-8510-BD572085D307}.Debug|Any CPU.Build.0 = Debug|Any CPU
		{584ACEEC-F56F-49E7-8510-BD572085D307}.Release|Any CPU.ActiveCfg = Release|Any CPU
		{584ACEEC-F56F-49E7-8510-BD572085D307}.Release|Any CPU.Build.0 = Release|Any CPU
	EndGlobalSection
	GlobalSection(SolutionProperties) = preSolution
		HideSolutionNode = FALSE
	EndGlobalSection
	GlobalSection(NestedProjects) = preSolution
		{0D5F1B62-B6CF-409A-976C-C6B0FF05ED21} = {33F29275-A5B7-454F-B3DC-963D346A4067}
		{8AC3C3CD-C33E-4D72-A96D-3B016B564059} = {33F29275-A5B7-454F-B3DC-963D346A4067}
		{6C4F4454-44FA-47F3-BD17-9EFBAFC897A1} = {33F29275-A5B7-454F-B3DC-963D346A4067}
		{2F6BB2A7-61E3-4881-9735-83F225841A22} = {6C63EF60-3F52-4CB3-9DEE-BA03CF9A1790}
		{EFC5C127-1973-415A-8644-12E794C6B4E5} = {6C63EF60-3F52-4CB3-9DEE-BA03CF9A1790}
		{D39510D2-4D82-4A29-AA8B-7F3C66D6D1A3} = {6C63EF60-3F52-4CB3-9DEE-BA03CF9A1790}
		{584ACEEC-F56F-49E7-8510-BD572085D307} = {4F349A1F-C621-494C-A131-B31AFA7B77D7}
	EndGlobalSection
EndGlobal
